{
  "name": "lgfxscreenbuilder-authoring",
  "lockfileVersion": 3,
  "requires": true,
  "packages": {
    "": {
      "name": "lgfxscreenbuilder-authoring",
      "dependencies": {
        "lgfx-font-tool": "1.1.0"
      }
    },
    "node_modules/lgfx-font-tool": {
      "version": "1.1.0",
      "resolved": "https://registry.npmjs.org/lgfx-font-tool/-/lgfx-font-tool-1.1.0.tgz",
      "integrity": "sha512-aYFb7ExEwWW9gLkiUZ5YFRj7IqcMk1goclYrzKUkfgAp2PV03foIT/SVtjPhhCrxHMrtvK3lS5Q9BgYD99aM/g==",
      "license": "MIT",
      "engines": {
        "node": ">=20"
      }
    }
  }
}
