{
  "name": "lgfxscreenbuilder-authoring",
  "lockfileVersion": 3,
  "requires": true,
  "packages": {
    "": {
      "name": "lgfxscreenbuilder-authoring",
      "dependencies": {
        "lgfx-font-tool": "1.0.0"
      }
    },
    "node_modules/lgfx-font-tool": {
      "version": "1.0.0",
      "resolved": "https://registry.npmjs.org/lgfx-font-tool/-/lgfx-font-tool-1.0.0.tgz",
      "integrity": "sha512-pbjklNwupWFOUoYWnBpTYqXTrYmjqDFUdtbifLaxPUT0mOqfD5k6CDfNz+rZXVex8fSu74fAE9O/toaSmCyrIw==",
      "license": "MIT",
      "engines": {
        "node": ">=20"
      }
    }
  }
}
