{
  "name": "lgfxscreenbuilder-authoring",
  "lockfileVersion": 3,
  "requires": true,
  "packages": {
    "": {
      "name": "lgfxscreenbuilder-authoring",
      "dependencies": {
        "lgfx-font-tool": "0.1.0"
      }
    },
    "node_modules/lgfx-font-tool": {
      "version": "0.1.0",
      "resolved": "https://registry.npmjs.org/lgfx-font-tool/-/lgfx-font-tool-0.1.0.tgz",
      "integrity": "sha512-ZVkvSxxzf8LQmwGGeqaeRU8N0gXDDAoe2g1uG18vtM0IetSRwMVUfAAEdJ3WEJbCONT4Amh9T/ljbxEAwutalg==",
      "license": "MIT",
      "engines": {
        "node": ">=20"
      }
    }
  }
}
